{
  "originHash" : "526b63103a7e62378bff5c91762b43a6a0fb32655d1b59b39bb90b7539784a05",
  "pins" : [
    {
      "identity" : "yookassapaymentsbinary",
      "kind" : "remoteSourceControl",
      "location" : "https://github.com/sokolyasnyi/YooKassaPaymentsBinary.git",
      "state" : {
        "revision" : "212327d122d62c03a8f2ab3075ef60bd4d9068b5"
      }
    }
  ],
  "version" : 3
}
