{
  "originHash" : "729c0438d1144f8ea724becbf6229cb46161bea41aa3b0db36f6bc2a89bb2a8c",
  "pins" : [
    {
      "identity" : "yookassapaymentsbinary",
      "kind" : "remoteSourceControl",
      "location" : "https://github.com/sokolyasnyi/YooKassaPaymentsBinary.git",
      "state" : {
        "revision" : "e74aa4e4e56688e0dc621644bde58ac6a7f6a34f"
      }
    }
  ],
  "version" : 3
}
