{
  "originHash" : "588d9d4e727460a15f10aa84867d069d302bebddde93633a796aa2d02759b711",
  "pins" : [
    {
      "identity" : "yookassapaymentsbinary",
      "kind" : "remoteSourceControl",
      "location" : "https://github.com/sokolyasnyi/YooKassaPaymentsBinary.git",
      "state" : {
        "revision" : "d80bd12c46aef044e1cda69de67b16b6b6a16039"
      }
    }
  ],
  "version" : 3
}
